
Microsoft Visual Studio Solution File, Format Version 12.00
# Visual Studio Version 16
VisualStudioVersion = 16.0.30717.126
MinimumVisualStudioVersion = 10.0.40219.1
Project("{9A19103F-16F7-4668-BE54-9A1E7A4F7556}") = "1 Es 1 media", "Es media\1 Es 1 media.csproj", "{A6E54AA5-FB3B-4EFA-BC9B-AACB1379923B}"
EndProject
Project("{9A19103F-16F7-4668-BE54-9A1E7A4F7556}") = "1.1 Es 2", "Es 2\1.1 Es 2.csproj", "{AA74AD65-C2E0-454B-AC2A-B1A258E497EA}"
EndProject
Project("{9A19103F-16F7-4668-BE54-9A1E7A4F7556}") = "2 Es 3", "Es 3\2 Es 3.csproj", "{D857A0D3-780F-4022-8C9E-56FAF73B10EF}"
EndProject
Project("{9A19103F-16F7-4668-BE54-9A1E7A4F7556}") = "3 Es 4", "Es 4\3 Es 4.csproj", "{408BB258-5271-4E82-B838-023B6C4C5A3C}"
EndProject
Project("{9A19103F-16F7-4668-BE54-9A1E7A4F7556}") = "4 Es 5", "Es 5\4 Es 5.csproj", "{FA754BAE-9A8B-470A-9331-D198FF56F914}"
EndProject
Project("{9A19103F-16F7-4668-BE54-9A1E7A4F7556}") = "5 Es 6", "Es 6\5 Es 6.csproj", "{39560FEE-5727-45D1-9B02-0D8B649DBD31}"
EndProject
Project("{9A19103F-16F7-4668-BE54-9A1E7A4F7556}") = "6 Es 7", "Es 7\6 Es 7.csproj", "{562D8055-EDEC-40A0-885F-A4A2947438E0}"
EndProject
Project("{9A19103F-16F7-4668-BE54-9A1E7A4F7556}") = "7 Es 8", "Es 8\7 Es 8.csproj", "{0B91B5CF-CEA0-4F92-9099-AAE33AC2334E}"
EndProject
Project("{9A19103F-16F7-4668-BE54-9A1E7A4F7556}") = "8 Es 9", "Es 9\8 Es 9.csproj", "{198C7C13-4839-4141-A684-1036964D62D8}"
EndProject
Project("{9A19103F-16F7-4668-BE54-9A1E7A4F7556}") = "10 Es 10", "Es 10\10 Es 10.csproj", "{5A50A07C-DCD8-4E9D-93B1-589ACF64DF7B}"
EndProject
Project("{9A19103F-16F7-4668-BE54-9A1E7A4F7556}") = "Es 11", "Es 11\Es 11.csproj", "{945BFF0F-97EA-49B3-BDA4-F78D8456886B}"
EndProject
Project("{9A19103F-16F7-4668-BE54-9A1E7A4F7556}") = "Es 16 solo positivi", "Es 16\Es 16 solo positivi.csproj", "{202ED521-AF42-41AA-9956-96517F3DE187}"
EndProject
Project("{9A19103F-16F7-4668-BE54-9A1E7A4F7556}") = "Es 16 anche negativi", "Es 16 v2\Es 16 anche negativi.csproj", "{E7F71FBC-3ADC-464D-B37B-F910397201BB}"
EndProject
Project("{9A19103F-16F7-4668-BE54-9A1E7A4F7556}") = "Es 17", "Es 17\Es 17.csproj", "{C91FECF3-74FB-4C20-959F-39AE00C7FCF4}"
EndProject
Project("{9A19103F-16F7-4668-BE54-9A1E7A4F7556}") = "Es 14", "Es 14\Es 14.csproj", "{00295821-81F9-4786-9D4C-AA89BD19E880}"
EndProject
Project("{9A19103F-16F7-4668-BE54-9A1E7A4F7556}") = "RiempiArray", "RiempiArray\RiempiArray.csproj", "{5701BDBE-B995-476B-996B-8BE02E8C09F1}"
EndProject
Project("{9A19103F-16F7-4668-BE54-9A1E7A4F7556}") = "Es Array e Matrici", "Es Array e Matrici\Es Array e Matrici.csproj", "{8ADA8A00-A3FF-4974-9763-E288B636BF06}"
EndProject
Project("{9A19103F-16F7-4668-BE54-9A1E7A4F7556}") = "Strutture dati", "Strutture dati\Strutture dati.csproj", "{9B58A1CB-8A2C-4BC7-BAB8-675C05C81A2C}"
EndProject
Project("{9A19103F-16F7-4668-BE54-9A1E7A4F7556}") = "Strutture dati 2", "Struttura dati es2\Strutture dati 2.csproj", "{F7DA3B03-0FF6-4728-AFFA-220B6375922B}"
EndProject
Project("{9A19103F-16F7-4668-BE54-9A1E7A4F7556}") = "Strutture dati 3", "Strutture dati 3\Strutture dati 3.csproj", "{D7672323-A64F-4322-9248-48550AF46C65}"
EndProject
Project("{9A19103F-16F7-4668-BE54-9A1E7A4F7556}") = "Stringhe", "Stringhe\Stringhe.csproj", "{5D1B3EE6-1840-47A1-A556-5FFFEDFC99E5}"
EndProject
Project("{9A19103F-16F7-4668-BE54-9A1E7A4F7556}") = "Stringhe 2", "Stringhe 2\Stringhe 2.csproj", "{1632F3D7-26F6-4491-845A-F09CC2481486}"
EndProject
Project("{9A19103F-16F7-4668-BE54-9A1E7A4F7556}") = "Stringhe 3", "Stirnghe 3\Stringhe 3.csproj", "{040F99A1-2305-45AD-B4EF-09EFF4CD8596}"
EndProject
Project("{9A19103F-16F7-4668-BE54-9A1E7A4F7556}") = "Stringhe 4", "Stringhe 4\Stringhe 4.csproj", "{C5E8A9BE-148B-4BFD-A67F-DFA752050906}"
EndProject
Project("{9A19103F-16F7-4668-BE54-9A1E7A4F7556}") = "Prova pratica es 1", "Prova pratica es 1\Prova pratica es 1.csproj", "{3969A983-A4C3-4E3A-BDF8-8EEB3093E2A6}"
EndProject
Project("{9A19103F-16F7-4668-BE54-9A1E7A4F7556}") = "Prova pratica es 2", "Prova pratica 2\Prova pratica es 2.csproj", "{98012700-AFEC-48C1-9457-46B2B6E0B352}"
EndProject
Project("{2150E333-8FDC-42A3-9474-1A3956D46DE8}") = "Esercizi 1", "Esercizi 1", "{B22A1757-035F-4928-B787-F430BDB18AD5}"
EndProject
Project("{2150E333-8FDC-42A3-9474-1A3956D46DE8}") = "Compito", "Compito", "{64EBCC9C-A70E-434A-9626-C7A28F54EE3D}"
EndProject
Project("{2150E333-8FDC-42A3-9474-1A3956D46DE8}") = "Strutture dati es", "Strutture dati es", "{6818CD25-3E26-47E1-BD0C-7711808DB31B}"
EndProject
Project("{2150E333-8FDC-42A3-9474-1A3956D46DE8}") = "Stringhe es", "Stringhe es", "{76DDA450-14D3-4486-8ACA-83E187A551FB}"
EndProject
Project("{2150E333-8FDC-42A3-9474-1A3956D46DE8}") = "Array e Matrici", "Array e Matrici", "{54AF3B7F-61E1-4236-89AF-8B321E8881E2}"
EndProject
Project("{9A19103F-16F7-4668-BE54-9A1E7A4F7556}") = "Funzioni es 1 stampa array", "Funzioni es 1\Funzioni es 1 stampa array.csproj", "{CAD3E1D9-6289-4E15-897D-6288DA1ECEA7}"
EndProject
Project("{9A19103F-16F7-4668-BE54-9A1E7A4F7556}") = "Funzione es 2 are trapezio", "Funzione es 2 are trapezio\Funzione es 2 are trapezio.csproj", "{AA5AE9A5-7EF9-4379-8154-453D7B68BB57}"
EndProject
Project("{9A19103F-16F7-4668-BE54-9A1E7A4F7556}") = "Stringhe es 5-6", "Stringhe es 5\Stringhe es 5-6.csproj", "{FCFED7BB-6197-4576-BC74-2D72A4F56766}"
EndProject
Project("{2150E333-8FDC-42A3-9474-1A3956D46DE8}") = "Strutture avanzate", "Strutture avanzate", "{29F15F1D-54E7-4C99-9D49-3F0C272A5DA8}"
EndProject
Project("{9A19103F-16F7-4668-BE54-9A1E7A4F7556}") = "strutture di prova", "strutture di prova\strutture di prova.csproj", "{AD337525-7A23-4411-99DE-A7E926B04007}"
EndProject
Project("{9A19103F-16F7-4668-BE54-9A1E7A4F7556}") = "Cane 2", "Cane 2\Cane 2.csproj", "{32C61F7C-02D9-43FF-94B3-E07DEE3CF00E}"
EndProject
Project("{2150E333-8FDC-42A3-9474-1A3956D46DE8}") = "Solution Items", "Solution Items", "{37B424D7-2F14-4E12-8195-6F807C71A78A}"
	ProjectSection(SolutionItems) = preProject
		.editorconfig = .editorconfig
	EndProjectSection
EndProject
Project("{2150E333-8FDC-42A3-9474-1A3956D46DE8}") = "Funzioni", "Funzioni", "{C561DA27-6160-402C-879F-F1D953F1C792}"
EndProject
Project("{9A19103F-16F7-4668-BE54-9A1E7A4F7556}") = "Funzione es 3 controllo se una stringa è palindroma", "Funzione es 3 controllo se una stringa è palindroma\Funzione es 3 controllo se una stringa è palindroma.csproj", "{500C5B0E-554B-4331-95D5-9FD01982C988}"
EndProject
Project("{9A19103F-16F7-4668-BE54-9A1E7A4F7556}") = "Funzioni es 4 stampa matrice", "Funzioni es 4 stampa matrice\Funzioni es 4 stampa matrice.csproj", "{C6807BF9-50F5-498D-8B13-149415D1E6BF}"
EndProject
Project("{9A19103F-16F7-4668-BE54-9A1E7A4F7556}") = "Funzioni es 5 calcolo elevamento a potenza", "Funzioni es 5 calcolo elevamento a potenza\Funzioni es 5 calcolo elevamento a potenza.csproj", "{DBE26051-A357-4091-9D42-C48571983448}"
EndProject
Project("{9A19103F-16F7-4668-BE54-9A1E7A4F7556}") = "Funzioni es 6 test primarità", "Funzioni es 6 test primarità\Funzioni es 6 test primarità.csproj", "{DE032CBE-8F87-43F3-865B-906CD0DF9998}"
EndProject
Project("{9A19103F-16F7-4668-BE54-9A1E7A4F7556}") = "Timer", "Timer\Timer.csproj", "{676FCE8B-30F2-4A55-968E-2EAA5693111E}"
EndProject
Project("{9A19103F-16F7-4668-BE54-9A1E7A4F7556}") = "Download", "Download\Download.csproj", "{4AF5C7B8-766E-473D-B236-58A2089B7E37}"
EndProject
Project("{9A19103F-16F7-4668-BE54-9A1E7A4F7556}") = "Biblioteca", "Biblioteca\Biblioteca.csproj", "{9F054C66-F697-41FC-B855-F695F38B7D49}"
EndProject
Project("{9A19103F-16F7-4668-BE54-9A1E7A4F7556}") = "biblioteca2", "biblioteca2\biblioteca2.csproj", "{09399551-EE83-434B-AA52-866466D7009A}"
EndProject
Project("{FAE04EC0-301F-11D3-BF4B-00C04F79EFBC}") = "Biblioteca semplice", "Biblioteca semplice\Biblioteca semplice.csproj", "{D8AF65C6-E52D-4830-8906-565530C8C7D8}"
EndProject
Global
	GlobalSection(SolutionConfigurationPlatforms) = preSolution
		Debug|Any CPU = Debug|Any CPU
		Release|Any CPU = Release|Any CPU
	EndGlobalSection
	GlobalSection(ProjectConfigurationPlatforms) = postSolution
		{A6E54AA5-FB3B-4EFA-BC9B-AACB1379923B}.Debug|Any CPU.ActiveCfg = Debug|Any CPU
		{A6E54AA5-FB3B-4EFA-BC9B-AACB1379923B}.Debug|Any CPU.Build.0 = Debug|Any CPU
		{A6E54AA5-FB3B-4EFA-BC9B-AACB1379923B}.Release|Any CPU.ActiveCfg = Release|Any CPU
		{A6E54AA5-FB3B-4EFA-BC9B-AACB1379923B}.Release|Any CPU.Build.0 = Release|Any CPU
		{AA74AD65-C2E0-454B-AC2A-B1A258E497EA}.Debug|Any CPU.ActiveCfg = Debug|Any CPU
		{AA74AD65-C2E0-454B-AC2A-B1A258E497EA}.Debug|Any CPU.Build.0 = Debug|Any CPU
		{AA74AD65-C2E0-454B-AC2A-B1A258E497EA}.Release|Any CPU.ActiveCfg = Release|Any CPU
		{AA74AD65-C2E0-454B-AC2A-B1A258E497EA}.Release|Any CPU.Build.0 = Release|Any CPU
		{D857A0D3-780F-4022-8C9E-56FAF73B10EF}.Debug|Any CPU.ActiveCfg = Debug|Any CPU
		{D857A0D3-780F-4022-8C9E-56FAF73B10EF}.Debug|Any CPU.Build.0 = Debug|Any CPU
		{D857A0D3-780F-4022-8C9E-56FAF73B10EF}.Release|Any CPU.ActiveCfg = Release|Any CPU
		{D857A0D3-780F-4022-8C9E-56FAF73B10EF}.Release|Any CPU.Build.0 = Release|Any CPU
		{408BB258-5271-4E82-B838-023B6C4C5A3C}.Debug|Any CPU.ActiveCfg = Debug|Any CPU
		{408BB258-5271-4E82-B838-023B6C4C5A3C}.Debug|Any CPU.Build.0 = Debug|Any CPU
		{408BB258-5271-4E82-B838-023B6C4C5A3C}.Release|Any CPU.ActiveCfg = Release|Any CPU
		{408BB258-5271-4E82-B838-023B6C4C5A3C}.Release|Any CPU.Build.0 = Release|Any CPU
		{FA754BAE-9A8B-470A-9331-D198FF56F914}.Debug|Any CPU.ActiveCfg = Debug|Any CPU
		{FA754BAE-9A8B-470A-9331-D198FF56F914}.Debug|Any CPU.Build.0 = Debug|Any CPU
		{FA754BAE-9A8B-470A-9331-D198FF56F914}.Release|Any CPU.ActiveCfg = Release|Any CPU
		{FA754BAE-9A8B-470A-9331-D198FF56F914}.Release|Any CPU.Build.0 = Release|Any CPU
		{39560FEE-5727-45D1-9B02-0D8B649DBD31}.Debug|Any CPU.ActiveCfg = Debug|Any CPU
		{39560FEE-5727-45D1-9B02-0D8B649DBD31}.Debug|Any CPU.Build.0 = Debug|Any CPU
		{39560FEE-5727-45D1-9B02-0D8B649DBD31}.Release|Any CPU.ActiveCfg = Release|Any CPU
		{39560FEE-5727-45D1-9B02-0D8B649DBD31}.Release|Any CPU.Build.0 = Release|Any CPU
		{562D8055-EDEC-40A0-885F-A4A2947438E0}.Debug|Any CPU.ActiveCfg = Debug|Any CPU
		{562D8055-EDEC-40A0-885F-A4A2947438E0}.Debug|Any CPU.Build.0 = Debug|Any CPU
		{562D8055-EDEC-40A0-885F-A4A2947438E0}.Release|Any CPU.ActiveCfg = Release|Any CPU
		{562D8055-EDEC-40A0-885F-A4A2947438E0}.Release|Any CPU.Build.0 = Release|Any CPU
		{0B91B5CF-CEA0-4F92-9099-AAE33AC2334E}.Debug|Any CPU.ActiveCfg = Debug|Any CPU
		{0B91B5CF-CEA0-4F92-9099-AAE33AC2334E}.Debug|Any CPU.Build.0 = Debug|Any CPU
		{0B91B5CF-CEA0-4F92-9099-AAE33AC2334E}.Release|Any CPU.ActiveCfg = Release|Any CPU
		{0B91B5CF-CEA0-4F92-9099-AAE33AC2334E}.Release|Any CPU.Build.0 = Release|Any CPU
		{198C7C13-4839-4141-A684-1036964D62D8}.Debug|Any CPU.ActiveCfg = Debug|Any CPU
		{198C7C13-4839-4141-A684-1036964D62D8}.Debug|Any CPU.Build.0 = Debug|Any CPU
		{198C7C13-4839-4141-A684-1036964D62D8}.Release|Any CPU.ActiveCfg = Release|Any CPU
		{198C7C13-4839-4141-A684-1036964D62D8}.Release|Any CPU.Build.0 = Release|Any CPU
		{5A50A07C-DCD8-4E9D-93B1-589ACF64DF7B}.Debug|Any CPU.ActiveCfg = Debug|Any CPU
		{5A50A07C-DCD8-4E9D-93B1-589ACF64DF7B}.Debug|Any CPU.Build.0 = Debug|Any CPU
		{5A50A07C-DCD8-4E9D-93B1-589ACF64DF7B}.Release|Any CPU.ActiveCfg = Release|Any CPU
		{5A50A07C-DCD8-4E9D-93B1-589ACF64DF7B}.Release|Any CPU.Build.0 = Release|Any CPU
		{945BFF0F-97EA-49B3-BDA4-F78D8456886B}.Debug|Any CPU.ActiveCfg = Debug|Any CPU
		{945BFF0F-97EA-49B3-BDA4-F78D8456886B}.Debug|Any CPU.Build.0 = Debug|Any CPU
		{945BFF0F-97EA-49B3-BDA4-F78D8456886B}.Release|Any CPU.ActiveCfg = Release|Any CPU
		{945BFF0F-97EA-49B3-BDA4-F78D8456886B}.Release|Any CPU.Build.0 = Release|Any CPU
		{202ED521-AF42-41AA-9956-96517F3DE187}.Debug|Any CPU.ActiveCfg = Debug|Any CPU
		{202ED521-AF42-41AA-9956-96517F3DE187}.Debug|Any CPU.Build.0 = Debug|Any CPU
		{202ED521-AF42-41AA-9956-96517F3DE187}.Release|Any CPU.ActiveCfg = Release|Any CPU
		{202ED521-AF42-41AA-9956-96517F3DE187}.Release|Any CPU.Build.0 = Release|Any CPU
		{E7F71FBC-3ADC-464D-B37B-F910397201BB}.Debug|Any CPU.ActiveCfg = Debug|Any CPU
		{E7F71FBC-3ADC-464D-B37B-F910397201BB}.Debug|Any CPU.Build.0 = Debug|Any CPU
		{E7F71FBC-3ADC-464D-B37B-F910397201BB}.Release|Any CPU.ActiveCfg = Release|Any CPU
		{E7F71FBC-3ADC-464D-B37B-F910397201BB}.Release|Any CPU.Build.0 = Release|Any CPU
		{C91FECF3-74FB-4C20-959F-39AE00C7FCF4}.Debug|Any CPU.ActiveCfg = Debug|Any CPU
		{C91FECF3-74FB-4C20-959F-39AE00C7FCF4}.Debug|Any CPU.Build.0 = Debug|Any CPU
		{C91FECF3-74FB-4C20-959F-39AE00C7FCF4}.Release|Any CPU.ActiveCfg = Release|Any CPU
		{C91FECF3-74FB-4C20-959F-39AE00C7FCF4}.Release|Any CPU.Build.0 = Release|Any CPU
		{00295821-81F9-4786-9D4C-AA89BD19E880}.Debug|Any CPU.ActiveCfg = Debug|Any CPU
		{00295821-81F9-4786-9D4C-AA89BD19E880}.Debug|Any CPU.Build.0 = Debug|Any CPU
		{00295821-81F9-4786-9D4C-AA89BD19E880}.Release|Any CPU.ActiveCfg = Release|Any CPU
		{00295821-81F9-4786-9D4C-AA89BD19E880}.Release|Any CPU.Build.0 = Release|Any CPU
		{5701BDBE-B995-476B-996B-8BE02E8C09F1}.Debug|Any CPU.ActiveCfg = Debug|Any CPU
		{5701BDBE-B995-476B-996B-8BE02E8C09F1}.Debug|Any CPU.Build.0 = Debug|Any CPU
		{5701BDBE-B995-476B-996B-8BE02E8C09F1}.Release|Any CPU.ActiveCfg = Release|Any CPU
		{5701BDBE-B995-476B-996B-8BE02E8C09F1}.Release|Any CPU.Build.0 = Release|Any CPU
		{8ADA8A00-A3FF-4974-9763-E288B636BF06}.Debug|Any CPU.ActiveCfg = Debug|Any CPU
		{8ADA8A00-A3FF-4974-9763-E288B636BF06}.Debug|Any CPU.Build.0 = Debug|Any CPU
		{8ADA8A00-A3FF-4974-9763-E288B636BF06}.Release|Any CPU.ActiveCfg = Release|Any CPU
		{8ADA8A00-A3FF-4974-9763-E288B636BF06}.Release|Any CPU.Build.0 = Release|Any CPU
		{9B58A1CB-8A2C-4BC7-BAB8-675C05C81A2C}.Debug|Any CPU.ActiveCfg = Debug|Any CPU
		{9B58A1CB-8A2C-4BC7-BAB8-675C05C81A2C}.Debug|Any CPU.Build.0 = Debug|Any CPU
		{9B58A1CB-8A2C-4BC7-BAB8-675C05C81A2C}.Release|Any CPU.ActiveCfg = Release|Any CPU
		{9B58A1CB-8A2C-4BC7-BAB8-675C05C81A2C}.Release|Any CPU.Build.0 = Release|Any CPU
		{F7DA3B03-0FF6-4728-AFFA-220B6375922B}.Debug|Any CPU.ActiveCfg = Debug|Any CPU
		{F7DA3B03-0FF6-4728-AFFA-220B6375922B}.Debug|Any CPU.Build.0 = Debug|Any CPU
		{F7DA3B03-0FF6-4728-AFFA-220B6375922B}.Release|Any CPU.ActiveCfg = Release|Any CPU
		{F7DA3B03-0FF6-4728-AFFA-220B6375922B}.Release|Any CPU.Build.0 = Release|Any CPU
		{D7672323-A64F-4322-9248-48550AF46C65}.Debug|Any CPU.ActiveCfg = Debug|Any CPU
		{D7672323-A64F-4322-9248-48550AF46C65}.Debug|Any CPU.Build.0 = Debug|Any CPU
		{D7672323-A64F-4322-9248-48550AF46C65}.Release|Any CPU.ActiveCfg = Release|Any CPU
		{D7672323-A64F-4322-9248-48550AF46C65}.Release|Any CPU.Build.0 = Release|Any CPU
		{5D1B3EE6-1840-47A1-A556-5FFFEDFC99E5}.Debug|Any CPU.ActiveCfg = Debug|Any CPU
		{5D1B3EE6-1840-47A1-A556-5FFFEDFC99E5}.Debug|Any CPU.Build.0 = Debug|Any CPU
		{5D1B3EE6-1840-47A1-A556-5FFFEDFC99E5}.Release|Any CPU.ActiveCfg = Release|Any CPU
		{5D1B3EE6-1840-47A1-A556-5FFFEDFC99E5}.Release|Any CPU.Build.0 = Release|Any CPU
		{1632F3D7-26F6-4491-845A-F09CC2481486}.Debug|Any CPU.ActiveCfg = Debug|Any CPU
		{1632F3D7-26F6-4491-845A-F09CC2481486}.Debug|Any CPU.Build.0 = Debug|Any CPU
		{1632F3D7-26F6-4491-845A-F09CC2481486}.Release|Any CPU.ActiveCfg = Release|Any CPU
		{1632F3D7-26F6-4491-845A-F09CC2481486}.Release|Any CPU.Build.0 = Release|Any CPU
		{040F99A1-2305-45AD-B4EF-09EFF4CD8596}.Debug|Any CPU.ActiveCfg = Debug|Any CPU
		{040F99A1-2305-45AD-B4EF-09EFF4CD8596}.Debug|Any CPU.Build.0 = Debug|Any CPU
		{040F99A1-2305-45AD-B4EF-09EFF4CD8596}.Release|Any CPU.ActiveCfg = Release|Any CPU
		{040F99A1-2305-45AD-B4EF-09EFF4CD8596}.Release|Any CPU.Build.0 = Release|Any CPU
		{C5E8A9BE-148B-4BFD-A67F-DFA752050906}.Debug|Any CPU.ActiveCfg = Debug|Any CPU
		{C5E8A9BE-148B-4BFD-A67F-DFA752050906}.Debug|Any CPU.Build.0 = Debug|Any CPU
		{C5E8A9BE-148B-4BFD-A67F-DFA752050906}.Release|Any CPU.ActiveCfg = Release|Any CPU
		{C5E8A9BE-148B-4BFD-A67F-DFA752050906}.Release|Any CPU.Build.0 = Release|Any CPU
		{3969A983-A4C3-4E3A-BDF8-8EEB3093E2A6}.Debug|Any CPU.ActiveCfg = Debug|Any CPU
		{3969A983-A4C3-4E3A-BDF8-8EEB3093E2A6}.Debug|Any CPU.Build.0 = Debug|Any CPU
		{3969A983-A4C3-4E3A-BDF8-8EEB3093E2A6}.Release|Any CPU.ActiveCfg = Release|Any CPU
		{3969A983-A4C3-4E3A-BDF8-8EEB3093E2A6}.Release|Any CPU.Build.0 = Release|Any CPU
		{98012700-AFEC-48C1-9457-46B2B6E0B352}.Debug|Any CPU.ActiveCfg = Debug|Any CPU
		{98012700-AFEC-48C1-9457-46B2B6E0B352}.Debug|Any CPU.Build.0 = Debug|Any CPU
		{98012700-AFEC-48C1-9457-46B2B6E0B352}.Release|Any CPU.ActiveCfg = Release|Any CPU
		{98012700-AFEC-48C1-9457-46B2B6E0B352}.Release|Any CPU.Build.0 = Release|Any CPU
		{CAD3E1D9-6289-4E15-897D-6288DA1ECEA7}.Debug|Any CPU.ActiveCfg = Debug|Any CPU
		{CAD3E1D9-6289-4E15-897D-6288DA1ECEA7}.Debug|Any CPU.Build.0 = Debug|Any CPU
		{CAD3E1D9-6289-4E15-897D-6288DA1ECEA7}.Release|Any CPU.ActiveCfg = Release|Any CPU
		{CAD3E1D9-6289-4E15-897D-6288DA1ECEA7}.Release|Any CPU.Build.0 = Release|Any CPU
		{AA5AE9A5-7EF9-4379-8154-453D7B68BB57}.Debug|Any CPU.ActiveCfg = Debug|Any CPU
		{AA5AE9A5-7EF9-4379-8154-453D7B68BB57}.Debug|Any CPU.Build.0 = Debug|Any CPU
		{AA5AE9A5-7EF9-4379-8154-453D7B68BB57}.Release|Any CPU.ActiveCfg = Release|Any CPU
		{AA5AE9A5-7EF9-4379-8154-453D7B68BB57}.Release|Any CPU.Build.0 = Release|Any CPU
		{FCFED7BB-6197-4576-BC74-2D72A4F56766}.Debug|Any CPU.ActiveCfg = Debug|Any CPU
		{FCFED7BB-6197-4576-BC74-2D72A4F56766}.Debug|Any CPU.Build.0 = Debug|Any CPU
		{FCFED7BB-6197-4576-BC74-2D72A4F56766}.Release|Any CPU.ActiveCfg = Release|Any CPU
		{FCFED7BB-6197-4576-BC74-2D72A4F56766}.Release|Any CPU.Build.0 = Release|Any CPU
		{AD337525-7A23-4411-99DE-A7E926B04007}.Debug|Any CPU.ActiveCfg = Debug|Any CPU
		{AD337525-7A23-4411-99DE-A7E926B04007}.Debug|Any CPU.Build.0 = Debug|Any CPU
		{AD337525-7A23-4411-99DE-A7E926B04007}.Release|Any CPU.ActiveCfg = Release|Any CPU
		{AD337525-7A23-4411-99DE-A7E926B04007}.Release|Any CPU.Build.0 = Release|Any CPU
		{32C61F7C-02D9-43FF-94B3-E07DEE3CF00E}.Debug|Any CPU.ActiveCfg = Debug|Any CPU
		{32C61F7C-02D9-43FF-94B3-E07DEE3CF00E}.Debug|Any CPU.Build.0 = Debug|Any CPU
		{32C61F7C-02D9-43FF-94B3-E07DEE3CF00E}.Release|Any CPU.ActiveCfg = Release|Any CPU
		{32C61F7C-02D9-43FF-94B3-E07DEE3CF00E}.Release|Any CPU.Build.0 = Release|Any CPU
		{500C5B0E-554B-4331-95D5-9FD01982C988}.Debug|Any CPU.ActiveCfg = Debug|Any CPU
		{500C5B0E-554B-4331-95D5-9FD01982C988}.Debug|Any CPU.Build.0 = Debug|Any CPU
		{500C5B0E-554B-4331-95D5-9FD01982C988}.Release|Any CPU.ActiveCfg = Release|Any CPU
		{500C5B0E-554B-4331-95D5-9FD01982C988}.Release|Any CPU.Build.0 = Release|Any CPU
		{C6807BF9-50F5-498D-8B13-149415D1E6BF}.Debug|Any CPU.ActiveCfg = Debug|Any CPU
		{C6807BF9-50F5-498D-8B13-149415D1E6BF}.Debug|Any CPU.Build.0 = Debug|Any CPU
		{C6807BF9-50F5-498D-8B13-149415D1E6BF}.Release|Any CPU.ActiveCfg = Release|Any CPU
		{C6807BF9-50F5-498D-8B13-149415D1E6BF}.Release|Any CPU.Build.0 = Release|Any CPU
		{DBE26051-A357-4091-9D42-C48571983448}.Debug|Any CPU.ActiveCfg = Debug|Any CPU
		{DBE26051-A357-4091-9D42-C48571983448}.Debug|Any CPU.Build.0 = Debug|Any CPU
		{DBE26051-A357-4091-9D42-C48571983448}.Release|Any CPU.ActiveCfg = Release|Any CPU
		{DBE26051-A357-4091-9D42-C48571983448}.Release|Any CPU.Build.0 = Release|Any CPU
		{DE032CBE-8F87-43F3-865B-906CD0DF9998}.Debug|Any CPU.ActiveCfg = Debug|Any CPU
		{DE032CBE-8F87-43F3-865B-906CD0DF9998}.Debug|Any CPU.Build.0 = Debug|Any CPU
		{DE032CBE-8F87-43F3-865B-906CD0DF9998}.Release|Any CPU.ActiveCfg = Release|Any CPU
		{DE032CBE-8F87-43F3-865B-906CD0DF9998}.Release|Any CPU.Build.0 = Release|Any CPU
		{676FCE8B-30F2-4A55-968E-2EAA5693111E}.Debug|Any CPU.ActiveCfg = Debug|Any CPU
		{676FCE8B-30F2-4A55-968E-2EAA5693111E}.Debug|Any CPU.Build.0 = Debug|Any CPU
		{676FCE8B-30F2-4A55-968E-2EAA5693111E}.Release|Any CPU.ActiveCfg = Release|Any CPU
		{676FCE8B-30F2-4A55-968E-2EAA5693111E}.Release|Any CPU.Build.0 = Release|Any CPU
		{4AF5C7B8-766E-473D-B236-58A2089B7E37}.Debug|Any CPU.ActiveCfg = Debug|Any CPU
		{4AF5C7B8-766E-473D-B236-58A2089B7E37}.Debug|Any CPU.Build.0 = Debug|Any CPU
		{4AF5C7B8-766E-473D-B236-58A2089B7E37}.Release|Any CPU.ActiveCfg = Release|Any CPU
		{4AF5C7B8-766E-473D-B236-58A2089B7E37}.Release|Any CPU.Build.0 = Release|Any CPU
		{9F054C66-F697-41FC-B855-F695F38B7D49}.Debug|Any CPU.ActiveCfg = Debug|Any CPU
		{9F054C66-F697-41FC-B855-F695F38B7D49}.Debug|Any CPU.Build.0 = Debug|Any CPU
		{9F054C66-F697-41FC-B855-F695F38B7D49}.Release|Any CPU.ActiveCfg = Release|Any CPU
		{9F054C66-F697-41FC-B855-F695F38B7D49}.Release|Any CPU.Build.0 = Release|Any CPU
		{09399551-EE83-434B-AA52-866466D7009A}.Debug|Any CPU.ActiveCfg = Debug|Any CPU
		{09399551-EE83-434B-AA52-866466D7009A}.Debug|Any CPU.Build.0 = Debug|Any CPU
		{09399551-EE83-434B-AA52-866466D7009A}.Release|Any CPU.ActiveCfg = Release|Any CPU
		{09399551-EE83-434B-AA52-866466D7009A}.Release|Any CPU.Build.0 = Release|Any CPU
		{D8AF65C6-E52D-4830-8906-565530C8C7D8}.Debug|Any CPU.ActiveCfg = Debug|Any CPU
		{D8AF65C6-E52D-4830-8906-565530C8C7D8}.Debug|Any CPU.Build.0 = Debug|Any CPU
		{D8AF65C6-E52D-4830-8906-565530C8C7D8}.Release|Any CPU.ActiveCfg = Release|Any CPU
		{D8AF65C6-E52D-4830-8906-565530C8C7D8}.Release|Any CPU.Build.0 = Release|Any CPU
	EndGlobalSection
	GlobalSection(SolutionProperties) = preSolution
		HideSolutionNode = FALSE
	EndGlobalSection
	GlobalSection(NestedProjects) = preSolution
		{A6E54AA5-FB3B-4EFA-BC9B-AACB1379923B} = {B22A1757-035F-4928-B787-F430BDB18AD5}
		{AA74AD65-C2E0-454B-AC2A-B1A258E497EA} = {B22A1757-035F-4928-B787-F430BDB18AD5}
		{D857A0D3-780F-4022-8C9E-56FAF73B10EF} = {B22A1757-035F-4928-B787-F430BDB18AD5}
		{408BB258-5271-4E82-B838-023B6C4C5A3C} = {B22A1757-035F-4928-B787-F430BDB18AD5}
		{FA754BAE-9A8B-470A-9331-D198FF56F914} = {B22A1757-035F-4928-B787-F430BDB18AD5}
		{39560FEE-5727-45D1-9B02-0D8B649DBD31} = {B22A1757-035F-4928-B787-F430BDB18AD5}
		{562D8055-EDEC-40A0-885F-A4A2947438E0} = {B22A1757-035F-4928-B787-F430BDB18AD5}
		{0B91B5CF-CEA0-4F92-9099-AAE33AC2334E} = {B22A1757-035F-4928-B787-F430BDB18AD5}
		{198C7C13-4839-4141-A684-1036964D62D8} = {B22A1757-035F-4928-B787-F430BDB18AD5}
		{5A50A07C-DCD8-4E9D-93B1-589ACF64DF7B} = {B22A1757-035F-4928-B787-F430BDB18AD5}
		{945BFF0F-97EA-49B3-BDA4-F78D8456886B} = {B22A1757-035F-4928-B787-F430BDB18AD5}
		{202ED521-AF42-41AA-9956-96517F3DE187} = {B22A1757-035F-4928-B787-F430BDB18AD5}
		{E7F71FBC-3ADC-464D-B37B-F910397201BB} = {B22A1757-035F-4928-B787-F430BDB18AD5}
		{C91FECF3-74FB-4C20-959F-39AE00C7FCF4} = {B22A1757-035F-4928-B787-F430BDB18AD5}
		{00295821-81F9-4786-9D4C-AA89BD19E880} = {B22A1757-035F-4928-B787-F430BDB18AD5}
		{5701BDBE-B995-476B-996B-8BE02E8C09F1} = {54AF3B7F-61E1-4236-89AF-8B321E8881E2}
		{8ADA8A00-A3FF-4974-9763-E288B636BF06} = {54AF3B7F-61E1-4236-89AF-8B321E8881E2}
		{9B58A1CB-8A2C-4BC7-BAB8-675C05C81A2C} = {6818CD25-3E26-47E1-BD0C-7711808DB31B}
		{F7DA3B03-0FF6-4728-AFFA-220B6375922B} = {6818CD25-3E26-47E1-BD0C-7711808DB31B}
		{D7672323-A64F-4322-9248-48550AF46C65} = {6818CD25-3E26-47E1-BD0C-7711808DB31B}
		{5D1B3EE6-1840-47A1-A556-5FFFEDFC99E5} = {76DDA450-14D3-4486-8ACA-83E187A551FB}
		{1632F3D7-26F6-4491-845A-F09CC2481486} = {76DDA450-14D3-4486-8ACA-83E187A551FB}
		{040F99A1-2305-45AD-B4EF-09EFF4CD8596} = {76DDA450-14D3-4486-8ACA-83E187A551FB}
		{C5E8A9BE-148B-4BFD-A67F-DFA752050906} = {76DDA450-14D3-4486-8ACA-83E187A551FB}
		{3969A983-A4C3-4E3A-BDF8-8EEB3093E2A6} = {64EBCC9C-A70E-434A-9626-C7A28F54EE3D}
		{98012700-AFEC-48C1-9457-46B2B6E0B352} = {64EBCC9C-A70E-434A-9626-C7A28F54EE3D}
		{CAD3E1D9-6289-4E15-897D-6288DA1ECEA7} = {C561DA27-6160-402C-879F-F1D953F1C792}
		{AA5AE9A5-7EF9-4379-8154-453D7B68BB57} = {C561DA27-6160-402C-879F-F1D953F1C792}
		{FCFED7BB-6197-4576-BC74-2D72A4F56766} = {76DDA450-14D3-4486-8ACA-83E187A551FB}
		{AD337525-7A23-4411-99DE-A7E926B04007} = {29F15F1D-54E7-4C99-9D49-3F0C272A5DA8}
		{500C5B0E-554B-4331-95D5-9FD01982C988} = {C561DA27-6160-402C-879F-F1D953F1C792}
		{C6807BF9-50F5-498D-8B13-149415D1E6BF} = {C561DA27-6160-402C-879F-F1D953F1C792}
		{DBE26051-A357-4091-9D42-C48571983448} = {C561DA27-6160-402C-879F-F1D953F1C792}
		{DE032CBE-8F87-43F3-865B-906CD0DF9998} = {C561DA27-6160-402C-879F-F1D953F1C792}
	EndGlobalSection
	GlobalSection(ExtensibilityGlobals) = postSolution
		SolutionGuid = {A06435E5-5BEE-496F-B5C9-CAC4B36DC693}
	EndGlobalSection
EndGlobal
