
Microsoft Visual Studio Solution File, Format Version 12.00
# Visual Studio Version 16
VisualStudioVersion = 16.0.30907.101
MinimumVisualStudioVersion = 10.0.40219.1
Project("{9A19103F-16F7-4668-BE54-9A1E7A4F7556}") = "Algoritmi2-Cane", "Algoritmi2\Algoritmi2-Cane.csproj", "{5269F30C-A09C-4014-B344-C97CADE0AAF5}"
EndProject
Project("{9A19103F-16F7-4668-BE54-9A1E7A4F7556}") = "Biblioteca", "Biblioteca\Biblioteca.csproj", "{B1AAD365-FC73-4469-B65E-BB07378EB079}"
EndProject
Project("{9A19103F-16F7-4668-BE54-9A1E7A4F7556}") = "Biblioteca_2.0", "Biblioteca_2.0\Biblioteca_2.0.csproj", "{6DC40A04-4A5E-4162-B9DB-9136926CF06C}"
EndProject
Project("{2150E333-8FDC-42A3-9474-1A3956D46DE8}") = "metodiEstensione", "metodiEstensione", "{DDB250DC-0B32-4F27-98B1-8C323896C493}"
EndProject
Project("{9A19103F-16F7-4668-BE54-9A1E7A4F7556}") = "controlloconsonanti1", "ConsoleApp1\controlloconsonanti1.csproj", "{E5D14F39-32EF-46F5-8327-DF3DE4341C57}"
EndProject
Project("{9A19103F-16F7-4668-BE54-9A1E7A4F7556}") = "controlloconsonanti2", "controlloconsonanti2\controlloconsonanti2.csproj", "{4B17544B-5EAE-49CD-9FAD-E25F933487B0}"
EndProject
Project("{2150E333-8FDC-42A3-9474-1A3956D46DE8}") = "Timer", "Timer", "{95C9C1AD-E443-4493-9F1E-84E9840CB8D2}"
EndProject
Project("{9A19103F-16F7-4668-BE54-9A1E7A4F7556}") = "myTimer", "myTimer\myTimer.csproj", "{5C049145-3067-4E6B-9535-9FA53F46D1A4}"
EndProject
Project("{9A19103F-16F7-4668-BE54-9A1E7A4F7556}") = "MyCountdown", "MyCountdown\MyCountdown.csproj", "{7E8BCCFF-3DDB-4C0A-A502-C7AF1D4CCADA}"
EndProject
Project("{9A19103F-16F7-4668-BE54-9A1E7A4F7556}") = "MyCountdown2", "MyCountdown2\MyCountdown2.csproj", "{4C06C227-9753-4DDF-B48D-A4095F8F9CE7}"
EndProject
Project("{2150E333-8FDC-42A3-9474-1A3956D46DE8}") = "OOP", "OOP", "{315EB113-7D2A-4588-8E24-E193AF00AB74}"
EndProject
Project("{2150E333-8FDC-42A3-9474-1A3956D46DE8}") = "WPF", "WPF", "{94FF262B-1E6B-4672-9767-D9D1FF63A4B8}"
EndProject
Project("{FAE04EC0-301F-11D3-BF4B-00C04F79EFBC}") = "WpfApp1", "WpfApp1\WpfApp1.csproj", "{92CBDFB5-8F8A-4FD0-ABBC-7BD992FF6B3B}"
EndProject
Project("{9A19103F-16F7-4668-BE54-9A1E7A4F7556}") = "Wpf prof", "..\..\WpfApp1\WpfApp1\Wpf prof.csproj", "{5E9BFBC0-EE96-4AD3-8DD2-ED7A6C0FAEA6}"
EndProject
Project("{9A19103F-16F7-4668-BE54-9A1E7A4F7556}") = "WpfApp2", "WpfApp2\WpfApp2.csproj", "{264D1619-3478-494E-BFF9-72C8102C29B5}"
EndProject
Project("{9A19103F-16F7-4668-BE54-9A1E7A4F7556}") = "Geometria", "Geometria\Geometria.csproj", "{B026DC8B-2103-4B06-9190-D9C65C497D12}"
EndProject
Project("{9A19103F-16F7-4668-BE54-9A1E7A4F7556}") = "Persone", "Persone\Persone.csproj", "{1C5E5021-C6F8-43B1-BC7E-D4504E99AF1D}"
EndProject
Project("{9A19103F-16F7-4668-BE54-9A1E7A4F7556}") = "prova", "prova\prova.csproj", "{494278A0-81B5-4F54-B82E-9522A26ED693}"
EndProject
Project("{9A19103F-16F7-4668-BE54-9A1E7A4F7556}") = "Geometria2", "Geometria2\Geometria2.csproj", "{1F7106BC-3CDB-4504-8474-A8B3B787F217}"
EndProject
Project("{2150E333-8FDC-42A3-9474-1A3956D46DE8}") = "importate", "importate", "{1D4D3F2B-1D00-46BE-84F0-656DBCC0AFBD}"
EndProject
Project("{FAE04EC0-301F-11D3-BF4B-00C04F79EFBC}") = "semaforo", "semaforo\semaforo\semaforo.csproj", "{B4A63359-B34A-4F58-B073-D7477F27419B}"
EndProject
Project("{FAE04EC0-301F-11D3-BF4B-00C04F79EFBC}") = "esSemaforo", "esSemaforo\esSemaforo.csproj", "{3EDC6DA0-0CFE-435B-9112-EFF5DA5A7BE1}"
EndProject
Global
	GlobalSection(SolutionConfigurationPlatforms) = preSolution
		Debug|Any CPU = Debug|Any CPU
		Release|Any CPU = Release|Any CPU
	EndGlobalSection
	GlobalSection(ProjectConfigurationPlatforms) = postSolution
		{5269F30C-A09C-4014-B344-C97CADE0AAF5}.Debug|Any CPU.ActiveCfg = Debug|Any CPU
		{5269F30C-A09C-4014-B344-C97CADE0AAF5}.Debug|Any CPU.Build.0 = Debug|Any CPU
		{5269F30C-A09C-4014-B344-C97CADE0AAF5}.Release|Any CPU.ActiveCfg = Release|Any CPU
		{5269F30C-A09C-4014-B344-C97CADE0AAF5}.Release|Any CPU.Build.0 = Release|Any CPU
		{B1AAD365-FC73-4469-B65E-BB07378EB079}.Debug|Any CPU.ActiveCfg = Debug|Any CPU
		{B1AAD365-FC73-4469-B65E-BB07378EB079}.Debug|Any CPU.Build.0 = Debug|Any CPU
		{B1AAD365-FC73-4469-B65E-BB07378EB079}.Release|Any CPU.ActiveCfg = Release|Any CPU
		{B1AAD365-FC73-4469-B65E-BB07378EB079}.Release|Any CPU.Build.0 = Release|Any CPU
		{6DC40A04-4A5E-4162-B9DB-9136926CF06C}.Debug|Any CPU.ActiveCfg = Debug|Any CPU
		{6DC40A04-4A5E-4162-B9DB-9136926CF06C}.Debug|Any CPU.Build.0 = Debug|Any CPU
		{6DC40A04-4A5E-4162-B9DB-9136926CF06C}.Release|Any CPU.ActiveCfg = Release|Any CPU
		{6DC40A04-4A5E-4162-B9DB-9136926CF06C}.Release|Any CPU.Build.0 = Release|Any CPU
		{E5D14F39-32EF-46F5-8327-DF3DE4341C57}.Debug|Any CPU.ActiveCfg = Debug|Any CPU
		{E5D14F39-32EF-46F5-8327-DF3DE4341C57}.Debug|Any CPU.Build.0 = Debug|Any CPU
		{E5D14F39-32EF-46F5-8327-DF3DE4341C57}.Release|Any CPU.ActiveCfg = Release|Any CPU
		{E5D14F39-32EF-46F5-8327-DF3DE4341C57}.Release|Any CPU.Build.0 = Release|Any CPU
		{4B17544B-5EAE-49CD-9FAD-E25F933487B0}.Debug|Any CPU.ActiveCfg = Debug|Any CPU
		{4B17544B-5EAE-49CD-9FAD-E25F933487B0}.Debug|Any CPU.Build.0 = Debug|Any CPU
		{4B17544B-5EAE-49CD-9FAD-E25F933487B0}.Release|Any CPU.ActiveCfg = Release|Any CPU
		{4B17544B-5EAE-49CD-9FAD-E25F933487B0}.Release|Any CPU.Build.0 = Release|Any CPU
		{5C049145-3067-4E6B-9535-9FA53F46D1A4}.Debug|Any CPU.ActiveCfg = Debug|Any CPU
		{5C049145-3067-4E6B-9535-9FA53F46D1A4}.Debug|Any CPU.Build.0 = Debug|Any CPU
		{5C049145-3067-4E6B-9535-9FA53F46D1A4}.Release|Any CPU.ActiveCfg = Release|Any CPU
		{5C049145-3067-4E6B-9535-9FA53F46D1A4}.Release|Any CPU.Build.0 = Release|Any CPU
		{7E8BCCFF-3DDB-4C0A-A502-C7AF1D4CCADA}.Debug|Any CPU.ActiveCfg = Debug|Any CPU
		{7E8BCCFF-3DDB-4C0A-A502-C7AF1D4CCADA}.Debug|Any CPU.Build.0 = Debug|Any CPU
		{7E8BCCFF-3DDB-4C0A-A502-C7AF1D4CCADA}.Release|Any CPU.ActiveCfg = Release|Any CPU
		{7E8BCCFF-3DDB-4C0A-A502-C7AF1D4CCADA}.Release|Any CPU.Build.0 = Release|Any CPU
		{4C06C227-9753-4DDF-B48D-A4095F8F9CE7}.Debug|Any CPU.ActiveCfg = Debug|Any CPU
		{4C06C227-9753-4DDF-B48D-A4095F8F9CE7}.Debug|Any CPU.Build.0 = Debug|Any CPU
		{4C06C227-9753-4DDF-B48D-A4095F8F9CE7}.Release|Any CPU.ActiveCfg = Release|Any CPU
		{4C06C227-9753-4DDF-B48D-A4095F8F9CE7}.Release|Any CPU.Build.0 = Release|Any CPU
		{92CBDFB5-8F8A-4FD0-ABBC-7BD992FF6B3B}.Debug|Any CPU.ActiveCfg = Debug|Any CPU
		{92CBDFB5-8F8A-4FD0-ABBC-7BD992FF6B3B}.Debug|Any CPU.Build.0 = Debug|Any CPU
		{92CBDFB5-8F8A-4FD0-ABBC-7BD992FF6B3B}.Release|Any CPU.ActiveCfg = Release|Any CPU
		{92CBDFB5-8F8A-4FD0-ABBC-7BD992FF6B3B}.Release|Any CPU.Build.0 = Release|Any CPU
		{5E9BFBC0-EE96-4AD3-8DD2-ED7A6C0FAEA6}.Debug|Any CPU.ActiveCfg = Debug|Any CPU
		{5E9BFBC0-EE96-4AD3-8DD2-ED7A6C0FAEA6}.Debug|Any CPU.Build.0 = Debug|Any CPU
		{5E9BFBC0-EE96-4AD3-8DD2-ED7A6C0FAEA6}.Release|Any CPU.ActiveCfg = Release|Any CPU
		{5E9BFBC0-EE96-4AD3-8DD2-ED7A6C0FAEA6}.Release|Any CPU.Build.0 = Release|Any CPU
		{264D1619-3478-494E-BFF9-72C8102C29B5}.Debug|Any CPU.ActiveCfg = Debug|Any CPU
		{264D1619-3478-494E-BFF9-72C8102C29B5}.Debug|Any CPU.Build.0 = Debug|Any CPU
		{264D1619-3478-494E-BFF9-72C8102C29B5}.Release|Any CPU.ActiveCfg = Release|Any CPU
		{264D1619-3478-494E-BFF9-72C8102C29B5}.Release|Any CPU.Build.0 = Release|Any CPU
		{B026DC8B-2103-4B06-9190-D9C65C497D12}.Debug|Any CPU.ActiveCfg = Debug|Any CPU
		{B026DC8B-2103-4B06-9190-D9C65C497D12}.Debug|Any CPU.Build.0 = Debug|Any CPU
		{B026DC8B-2103-4B06-9190-D9C65C497D12}.Release|Any CPU.ActiveCfg = Release|Any CPU
		{B026DC8B-2103-4B06-9190-D9C65C497D12}.Release|Any CPU.Build.0 = Release|Any CPU
		{1C5E5021-C6F8-43B1-BC7E-D4504E99AF1D}.Debug|Any CPU.ActiveCfg = Debug|Any CPU
		{1C5E5021-C6F8-43B1-BC7E-D4504E99AF1D}.Debug|Any CPU.Build.0 = Debug|Any CPU
		{1C5E5021-C6F8-43B1-BC7E-D4504E99AF1D}.Release|Any CPU.ActiveCfg = Release|Any CPU
		{1C5E5021-C6F8-43B1-BC7E-D4504E99AF1D}.Release|Any CPU.Build.0 = Release|Any CPU
		{494278A0-81B5-4F54-B82E-9522A26ED693}.Debug|Any CPU.ActiveCfg = Debug|Any CPU
		{494278A0-81B5-4F54-B82E-9522A26ED693}.Debug|Any CPU.Build.0 = Debug|Any CPU
		{494278A0-81B5-4F54-B82E-9522A26ED693}.Release|Any CPU.ActiveCfg = Release|Any CPU
		{494278A0-81B5-4F54-B82E-9522A26ED693}.Release|Any CPU.Build.0 = Release|Any CPU
		{1F7106BC-3CDB-4504-8474-A8B3B787F217}.Debug|Any CPU.ActiveCfg = Debug|Any CPU
		{1F7106BC-3CDB-4504-8474-A8B3B787F217}.Debug|Any CPU.Build.0 = Debug|Any CPU
		{1F7106BC-3CDB-4504-8474-A8B3B787F217}.Release|Any CPU.ActiveCfg = Release|Any CPU
		{1F7106BC-3CDB-4504-8474-A8B3B787F217}.Release|Any CPU.Build.0 = Release|Any CPU
		{B4A63359-B34A-4F58-B073-D7477F27419B}.Debug|Any CPU.ActiveCfg = Debug|Any CPU
		{B4A63359-B34A-4F58-B073-D7477F27419B}.Debug|Any CPU.Build.0 = Debug|Any CPU
		{B4A63359-B34A-4F58-B073-D7477F27419B}.Release|Any CPU.ActiveCfg = Release|Any CPU
		{B4A63359-B34A-4F58-B073-D7477F27419B}.Release|Any CPU.Build.0 = Release|Any CPU
		{3EDC6DA0-0CFE-435B-9112-EFF5DA5A7BE1}.Debug|Any CPU.ActiveCfg = Debug|Any CPU
		{3EDC6DA0-0CFE-435B-9112-EFF5DA5A7BE1}.Debug|Any CPU.Build.0 = Debug|Any CPU
		{3EDC6DA0-0CFE-435B-9112-EFF5DA5A7BE1}.Release|Any CPU.ActiveCfg = Release|Any CPU
		{3EDC6DA0-0CFE-435B-9112-EFF5DA5A7BE1}.Release|Any CPU.Build.0 = Release|Any CPU
	EndGlobalSection
	GlobalSection(SolutionProperties) = preSolution
		HideSolutionNode = FALSE
	EndGlobalSection
	GlobalSection(NestedProjects) = preSolution
		{E5D14F39-32EF-46F5-8327-DF3DE4341C57} = {DDB250DC-0B32-4F27-98B1-8C323896C493}
		{4B17544B-5EAE-49CD-9FAD-E25F933487B0} = {DDB250DC-0B32-4F27-98B1-8C323896C493}
		{5C049145-3067-4E6B-9535-9FA53F46D1A4} = {95C9C1AD-E443-4493-9F1E-84E9840CB8D2}
		{7E8BCCFF-3DDB-4C0A-A502-C7AF1D4CCADA} = {95C9C1AD-E443-4493-9F1E-84E9840CB8D2}
		{4C06C227-9753-4DDF-B48D-A4095F8F9CE7} = {95C9C1AD-E443-4493-9F1E-84E9840CB8D2}
		{92CBDFB5-8F8A-4FD0-ABBC-7BD992FF6B3B} = {94FF262B-1E6B-4672-9767-D9D1FF63A4B8}
		{5E9BFBC0-EE96-4AD3-8DD2-ED7A6C0FAEA6} = {94FF262B-1E6B-4672-9767-D9D1FF63A4B8}
		{264D1619-3478-494E-BFF9-72C8102C29B5} = {94FF262B-1E6B-4672-9767-D9D1FF63A4B8}
		{B026DC8B-2103-4B06-9190-D9C65C497D12} = {315EB113-7D2A-4588-8E24-E193AF00AB74}
		{1C5E5021-C6F8-43B1-BC7E-D4504E99AF1D} = {315EB113-7D2A-4588-8E24-E193AF00AB74}
		{1F7106BC-3CDB-4504-8474-A8B3B787F217} = {315EB113-7D2A-4588-8E24-E193AF00AB74}
		{B4A63359-B34A-4F58-B073-D7477F27419B} = {1D4D3F2B-1D00-46BE-84F0-656DBCC0AFBD}
		{3EDC6DA0-0CFE-435B-9112-EFF5DA5A7BE1} = {94FF262B-1E6B-4672-9767-D9D1FF63A4B8}
	EndGlobalSection
	GlobalSection(ExtensibilityGlobals) = postSolution
		SolutionGuid = {14C55840-6F93-46B6-9DAB-C48E95C690A8}
	EndGlobalSection
EndGlobal
