
Microsoft Visual Studio Solution File, Format Version 12.00
# Visual Studio Version 16
VisualStudioVersion = 16.0.30907.101
MinimumVisualStudioVersion = 10.0.40219.1
Project("{9A19103F-16F7-4668-BE54-9A1E7A4F7556}") = "Sveglia", "Sveglia\Sveglia.csproj", "{1048E41A-C82C-4BF9-8D7A-8438F5CFBCB1}"
EndProject
Project("{FAE04EC0-301F-11D3-BF4B-00C04F79EFBC}") = "semaforo", "semaforo\semaforo.csproj", "{D299E2D8-E9F7-4D2F-A241-E60A3DA3F3F1}"
EndProject
Global
	GlobalSection(SolutionConfigurationPlatforms) = preSolution
		Debug|Any CPU = Debug|Any CPU
		Release|Any CPU = Release|Any CPU
	EndGlobalSection
	GlobalSection(ProjectConfigurationPlatforms) = postSolution
		{1048E41A-C82C-4BF9-8D7A-8438F5CFBCB1}.Debug|Any CPU.ActiveCfg = Debug|Any CPU
		{1048E41A-C82C-4BF9-8D7A-8438F5CFBCB1}.Debug|Any CPU.Build.0 = Debug|Any CPU
		{1048E41A-C82C-4BF9-8D7A-8438F5CFBCB1}.Release|Any CPU.ActiveCfg = Release|Any CPU
		{1048E41A-C82C-4BF9-8D7A-8438F5CFBCB1}.Release|Any CPU.Build.0 = Release|Any CPU
		{D299E2D8-E9F7-4D2F-A241-E60A3DA3F3F1}.Debug|Any CPU.ActiveCfg = Debug|Any CPU
		{D299E2D8-E9F7-4D2F-A241-E60A3DA3F3F1}.Debug|Any CPU.Build.0 = Debug|Any CPU
		{D299E2D8-E9F7-4D2F-A241-E60A3DA3F3F1}.Release|Any CPU.ActiveCfg = Release|Any CPU
		{D299E2D8-E9F7-4D2F-A241-E60A3DA3F3F1}.Release|Any CPU.Build.0 = Release|Any CPU
	EndGlobalSection
	GlobalSection(SolutionProperties) = preSolution
		HideSolutionNode = FALSE
	EndGlobalSection
	GlobalSection(ExtensibilityGlobals) = postSolution
		SolutionGuid = {99F856CD-DCB6-4DE3-A1C3-4D046B566F1A}
	EndGlobalSection
EndGlobal
